// !$*UTF8*$!
{
	archiveVersion = 1;
	classes = {
	};
	objectVersion = 50;
	objects = {

/* Begin PBXFileReference section */
		0DC7FEB9251DC8BA0034C946 /* tools */ = {isa = PBXFileReference; lastKnownFileType = folder; path = tools; sourceTree = "<group>"; };
		0DC7FEBA251DC8BA0034C946 /* libsa */ = {isa = PBXFileReference; lastKnownFileType = folder; path = libsa; sourceTree = "<group>"; };
		0DC7FEBB251DC8BA0034C946 /* APPLE_LICENSE */ = {isa = PBXFileReference; lastKnownFileType = text; path = APPLE_LICENSE; sourceTree = "<group>"; };
		0DC7FEBC251DC8BA0034C946 /* config */ = {isa = PBXFileReference; lastKnownFileType = folder; path = config; sourceTree = "<group>"; };
		0DC7FEBD251DC8BA0034C946 /* security */ = {isa = PBXFileReference; lastKnownFileType = folder; path = security; sourceTree = "<group>"; };
		0DC7FEBE251DC8BA0034C946 /* Makefile */ = {isa = PBXFileReference; lastKnownFileType = sourcecode.make; path = Makefile; sourceTree = "<group>"; };
		0DC7FEBF251DC8BA0034C946 /* iokit */ = {isa = PBXFileReference; lastKnownFileType = folder; path = iokit; sourceTree = "<group>"; };
		0DC7FEC0251DC8BA0034C946 /* SETUP */ = {isa = PBXFileReference; lastKnownFileType = folder; path = SETUP; sourceTree = "<group>"; };
		0DC7FEC1251DC8BA0034C946 /* tests */ = {isa = PBXFileReference; lastKnownFileType = folder; path = tests; sourceTree = "<group>"; };
		0DC7FEC2251DC8BA0034C946 /* bsd */ = {isa = PBXFileReference; lastKnownFileType = folder; path = bsd; sourceTree = "<group>"; };
		0DC7FEC3251DC8BA0034C946 /* EXTERNAL_HEADERS */ = {isa = PBXFileReference; lastKnownFileType = folder; path = EXTERNAL_HEADERS; sourceTree = "<group>"; };
		0DC7FEC4251DC8BA0034C946 /* libsyscall */ = {isa = PBXFileReference; lastKnownFileType = folder; path = libsyscall; sourceTree = "<group>"; };
		0DC7FEC5251DC8BA0034C946 /* README.md */ = {isa = PBXFileReference; lastKnownFileType = net.daringfireball.markdown; path = README.md; sourceTree = "<group>"; };
		0DC7FEC6251DC8BA0034C946 /* makedefs */ = {isa = PBXFileReference; lastKnownFileType = folder; path = makedefs; sourceTree = "<group>"; };
		0DC7FEC7251DC8BA0034C946 /* pexpert */ = {isa = PBXFileReference; lastKnownFileType = folder; path = pexpert; sourceTree = "<group>"; };
		0DC7FEC8251DC8BA0034C946 /* san */ = {isa = PBXFileReference; lastKnownFileType = folder; path = san; sourceTree = "<group>"; };
		0DC7FEC9251DC8BA0034C946 /* doc */ = {isa = PBXFileReference; lastKnownFileType = folder; path = doc; sourceTree = "<group>"; };
		0DC7FECA251DC8BA0034C946 /* libkdd */ = {isa = PBXFileReference; lastKnownFileType = folder; path = libkdd; sourceTree = "<group>"; };
		0DC7FECB251DC8BA0034C946 /* osfmk */ = {isa = PBXFileReference; lastKnownFileType = folder; path = osfmk; sourceTree = "<group>"; };
		0DC7FECC251DC8BA0034C946 /* libkern */ = {isa = PBXFileReference; lastKnownFileType = folder; path = libkern; sourceTree = "<group>"; };
		0DC7FECD251DC8BA0034C946 /* xnu-6153.121.1.xcodeproj */ = {isa = PBXFileReference; lastKnownFileType = "wrapper.pb-project"; path = "xnu-6153.121.1.xcodeproj"; sourceTree = "<group>"; };
		0DC7FED0251DC8BA0034C946 /* .upstream_base_commits */ = {isa = PBXFileReference; lastKnownFileType = text; path = .upstream_base_commits; sourceTree = "<group>"; };
/* End PBXFileReference section */

/* Begin PBXGroup section */
		0DC7FEB3251DC8BA0034C946 = {
			isa = PBXGroup;
			children = (
				0DC7FEB9251DC8BA0034C946 /* tools */,
				0DC7FEBA251DC8BA0034C946 /* libsa */,
				0DC7FEBB251DC8BA0034C946 /* APPLE_LICENSE */,
				0DC7FEBC251DC8BA0034C946 /* config */,
				0DC7FEBD251DC8BA0034C946 /* security */,
				0DC7FEBE251DC8BA0034C946 /* Makefile */,
				0DC7FEBF251DC8BA0034C946 /* iokit */,
				0DC7FEC0251DC8BA0034C946 /* SETUP */,
				0DC7FEC1251DC8BA0034C946 /* tests */,
				0DC7FEC2251DC8BA0034C946 /* bsd */,
				0DC7FEC3251DC8BA0034C946 /* EXTERNAL_HEADERS */,
				0DC7FEC4251DC8BA0034C946 /* libsyscall */,
				0DC7FEC5251DC8BA0034C946 /* README.md */,
				0DC7FEC6251DC8BA0034C946 /* makedefs */,
				0DC7FEC7251DC8BA0034C946 /* pexpert */,
				0DC7FEC8251DC8BA0034C946 /* san */,
				0DC7FEC9251DC8BA0034C946 /* doc */,
				0DC7FECA251DC8BA0034C946 /* libkdd */,
				0DC7FECB251DC8BA0034C946 /* osfmk */,
				0DC7FECC251DC8BA0034C946 /* libkern */,
				0DC7FECD251DC8BA0034C946 /* xnu-6153.121.1.xcodeproj */,
				0DC7FED0251DC8BA0034C946 /* .upstream_base_commits */,
			);
			sourceTree = "<group>";
		};
		0DC7FECE251DC8BA0034C946 /* Products */ = {
			isa = PBXGroup;
			children = (
			);
			name = Products;
			sourceTree = "<group>";
		};
/* End PBXGroup section */

/* Begin PBXLegacyTarget section */
		0DC7FEB8251DC8BA0034C946 /* xnu-6153.121.1 */ = {
			isa = PBXLegacyTarget;
			buildArgumentsString = "$(ACTION)";
			buildConfigurationList = 0DC7FED2251DC8BA0034C946 /* Build configuration list for PBXLegacyTarget "xnu-6153.121.1" */;
			buildPhases = (
			);
			buildToolPath = /usr/bin/make;
			buildWorkingDirectory = "/Users/yangpei1/Downloads/xnu-6153.121.1";
			dependencies = (
			);
			name = "xnu-6153.121.1";
			passBuildSettingsInEnvironment = 1;
			productName = "xnu-6153.121.1";
		};
/* End PBXLegacyTarget section */

/* Begin PBXProject section */
		0DC7FEB4251DC8BA0034C946 /* Project object */ = {
			isa = PBXProject;
			attributes = {
			};
			buildConfigurationList = 0DC7FEB7251DC8BA0034C946 /* Build configuration list for PBXProject "xnu-6153.121.1 2" */;
			compatibilityVersion = "Xcode 9.3";
			developmentRegion = en;
			hasScannedForEncodings = 0;
			knownRegions = (
				en,
				Base,
			);
			mainGroup = 0DC7FEB3251DC8BA0034C946;
			projectDirPath = "";
			projectReferences = (
				{
					ProductGroup = 0DC7FECE251DC8BA0034C946 /* Products */;
					ProjectRef = 0DC7FECD251DC8BA0034C946 /* xnu-6153.121.1.xcodeproj */;
				},
			);
			projectRoot = "";
			targets = (
				0DC7FEB8251DC8BA0034C946 /* xnu-6153.121.1 */,
			);
		};
/* End PBXProject section */

/* Begin XCBuildConfiguration section */
		0DC7FEB5251DC8BA0034C946 /* Debug */ = {
			isa = XCBuildConfiguration;
			buildSettings = {
				ARCHS = "$(ARCHS_STANDARD_32_BIT)";
				COPY_PHASE_STRIP = NO;
				GCC_WARN_ABOUT_RETURN_TYPE = YES;
				GCC_WARN_UNUSED_VARIABLE = YES;
				ONLY_ACTIVE_ARCH = YES;
				SDKROOT = macosx10.6;
			};
			name = Debug;
		};
		0DC7FEB6251DC8BA0034C946 /* Release */ = {
			isa = XCBuildConfiguration;
			buildSettings = {
				ARCHS = "$(ARCHS_STANDARD_32_BIT)";
				COPY_PHASE_STRIP = YES;
				GCC_WARN_ABOUT_RETURN_TYPE = YES;
				GCC_WARN_UNUSED_VARIABLE = YES;
				SDKROOT = macosx10.6;
			};
			name = Release;
		};
		0DC7FED3251DC8BA0034C946 /* Debug */ = {
			isa = XCBuildConfiguration;
			buildSettings = {
				COPY_PHASE_STRIP = NO;
				DEBUGGING_SYMBOLS = YES;
				GCC_DYNAMIC_NO_PIC = NO;
				GCC_ENABLE_FIX_AND_CONTINUE = YES;
				GCC_GENERATE_DEBUGGING_SYMBOLS = YES;
				GCC_OPTIMIZATION_LEVEL = 0;
				OTHER_CFLAGS = "";
				OTHER_LDFLAGS = "";
				PRODUCT_NAME = "xnu-6153.121.1";
			};
			name = Debug;
		};
		0DC7FED4251DC8BA0034C946 /* Release */ = {
			isa = XCBuildConfiguration;
			buildSettings = {
				COPY_PHASE_STRIP = YES;
				DEBUG_INFORMATION_FORMAT = "dwarf-with-dsym";
				GCC_ENABLE_FIX_AND_CONTINUE = NO;
				OTHER_CFLAGS = "";
				OTHER_LDFLAGS = "";
				PRODUCT_NAME = "xnu-6153.121.1";
			};
			name = Release;
		};
/* End XCBuildConfiguration section */

/* Begin XCConfigurationList section */
		0DC7FEB7251DC8BA0034C946 /* Build configuration list for PBXProject "xnu-6153.121.1 2" */ = {
			isa = XCConfigurationList;
			buildConfigurations = (
				0DC7FEB5251DC8BA0034C946 /* Debug */,
				0DC7FEB6251DC8BA0034C946 /* Release */,
			);
			defaultConfigurationIsVisible = 0;
			defaultConfigurationName = Release;
		};
		0DC7FED2251DC8BA0034C946 /* Build configuration list for PBXLegacyTarget "xnu-6153.121.1" */ = {
			isa = XCConfigurationList;
			buildConfigurations = (
				0DC7FED3251DC8BA0034C946 /* Debug */,
				0DC7FED4251DC8BA0034C946 /* Release */,
			);
			defaultConfigurationIsVisible = 0;
			defaultConfigurationName = Release;
		};
/* End XCConfigurationList section */
	};
	rootObject = 0DC7FEB4251DC8BA0034C946 /* Project object */;
}
